// !$*UTF8*$!
{
	archiveVersion = 1;
	classes = {
	};
	objectVersion = 56;
	objects = {

/* Begin PBXBuildFile section */
		7D21916629D839D4007FEEA0 /* SlidingNumbersApp.swift in Sources */ = {isa = PBXBuildFile; fileRef = 7D21916529D839D4007FEEA0 /* SlidingNumbersApp.swift */; };
		7D21916A29D839D5007FEEA0 /* Assets.xcassets in Resources */ = {isa = PBXBuildFile; fileRef = 7D21916929D839D5007FEEA0 /* Assets.xcassets */; };
		7D21916D29D839D5007FEEA0 /* Preview Assets.xcassets in Resources */ = {isa = PBXBuildFile; fileRef = 7D21916C29D839D5007FEEA0 /* Preview Assets.xcassets */; };
		7D21917729D839D5007FEEA0 /* SlidingNumbersTests.swift in Sources */ = {isa = PBXBuildFile; fileRef = 7D21917629D839D5007FEEA0 /* SlidingNumbersTests.swift */; };
		7D21918129D839D5007FEEA0 /* SlidingNumbersUITests.swift in Sources */ = {isa = PBXBuildFile; fileRef = 7D21918029D839D5007FEEA0 /* SlidingNumbersUITests.swift */; };
		7D21918329D839D5007FEEA0 /* SlidingNumbersUITestsLaunchTests.swift in Sources */ = {isa = PBXBuildFile; fileRef = 7D21918229D839D5007FEEA0 /* SlidingNumbersUITestsLaunchTests.swift */; };
		7D21919629D83D77007FEEA0 /* AppGlobal.swift in Sources */ = {isa = PBXBuildFile; fileRef = 7D21919529D83D77007FEEA0 /* AppGlobal.swift */; };
		7D21919E29D85A20007FEEA0 /* BoardCell.swift in Sources */ = {isa = PBXBuildFile; fileRef = 7D21919D29D85A20007FEEA0 /* BoardCell.swift */; };
		7D2191A329D985CF007FEEA0 /* BoardView.swift in Sources */ = {isa = PBXBuildFile; fileRef = 7D2191A229D985CF007FEEA0 /* BoardView.swift */; };
		7D2191A929DB4491007FEEA0 /* BoardMarker.swift in Sources */ = {isa = PBXBuildFile; fileRef = 7D2191A829DB4491007FEEA0 /* BoardMarker.swift */; };
		7D2191AC29DC69B0007FEEA0 /* Direction.swift in Sources */ = {isa = PBXBuildFile; fileRef = 7D2191AB29DC69B0007FEEA0 /* Direction.swift */; };
		7D2191B129DC8FE2007FEEA0 /* AppExtensions.swift in Sources */ = {isa = PBXBuildFile; fileRef = 7D2191B029DC8FE2007FEEA0 /* AppExtensions.swift */; };
		7D2191B529DE0C8C007FEEA0 /* CellView.swift in Sources */ = {isa = PBXBuildFile; fileRef = 7D2191B429DE0C8C007FEEA0 /* CellView.swift */; };
		7D2191B829DE1811007FEEA0 /* Dummy.swift in Sources */ = {isa = PBXBuildFile; fileRef = 7D2191B729DE1811007FEEA0 /* Dummy.swift */; };
		7D2191BE29DF1CB3007FEEA0 /* BoardModel.swift in Sources */ = {isa = PBXBuildFile; fileRef = 7D2191BD29DF1CB3007FEEA0 /* BoardModel.swift */; };
		7D2191D429E5BA6B007FEEA0 /* DeviceRotationViewModifier.swift in Sources */ = {isa = PBXBuildFile; fileRef = 7D2191D329E5BA6B007FEEA0 /* DeviceRotationViewModifier.swift */; };
		7D2191DE29E8582F007FEEA0 /* GameMenuView.swift in Sources */ = {isa = PBXBuildFile; fileRef = 7D2191DD29E8582F007FEEA0 /* GameMenuView.swift */; };
		7D2191E229E9BDFD007FEEA0 /* GoogleService-Info.plist in Resources */ = {isa = PBXBuildFile; fileRef = 7D2191E129E9BDFD007FEEA0 /* GoogleService-Info.plist */; };
		7D2191E529E9C1C5007FEEA0 /* FirebaseAuth in Frameworks */ = {isa = PBXBuildFile; productRef = 7D2191E429E9C1C5007FEEA0 /* FirebaseAuth */; };
		7D2191E729E9C1C5007FEEA0 /* FirebaseDatabase in Frameworks */ = {isa = PBXBuildFile; productRef = 7D2191E629E9C1C5007FEEA0 /* FirebaseDatabase */; };
		7D2191E929E9C1C5007FEEA0 /* FirebaseDatabaseSwift in Frameworks */ = {isa = PBXBuildFile; productRef = 7D2191E829E9C1C5007FEEA0 /* FirebaseDatabaseSwift */; };
		7D2191EB29E9C1C5007FEEA0 /* FirebaseFirestore in Frameworks */ = {isa = PBXBuildFile; productRef = 7D2191EA29E9C1C5007FEEA0 /* FirebaseFirestore */; };
		7D2191ED29E9C1C5007FEEA0 /* FirebaseFirestoreSwift in Frameworks */ = {isa = PBXBuildFile; productRef = 7D2191EC29E9C1C5007FEEA0 /* FirebaseFirestoreSwift */; };
		7D2191EF29E9C1C5007FEEA0 /* FirebaseStorage in Frameworks */ = {isa = PBXBuildFile; productRef = 7D2191EE29E9C1C5007FEEA0 /* FirebaseStorage */; };
		7D2191F129E9C755007FEEA0 /* LoginView.swift in Sources */ = {isa = PBXBuildFile; fileRef = 7D2191F029E9C755007FEEA0 /* LoginView.swift */; };
		7D2191F729EA91EC007FEEA0 /* FirebaseAuth.swift in Sources */ = {isa = PBXBuildFile; fileRef = 7D2191F629EA91EC007FEEA0 /* FirebaseAuth.swift */; };
		7D2191F929EA9414007FEEA0 /* OptionalView.swift in Sources */ = {isa = PBXBuildFile; fileRef = 7D2191F829EA9414007FEEA0 /* OptionalView.swift */; };
		7D2191FD29EA9B7D007FEEA0 /* ContentView.swift in Sources */ = {isa = PBXBuildFile; fileRef = 7D2191FC29EA9B7D007FEEA0 /* ContentView.swift */; };
		7D21920629EAA928007FEEA0 /* AppScene.swift in Sources */ = {isa = PBXBuildFile; fileRef = 7D21920529EAA928007FEEA0 /* AppScene.swift */; };
		7D21921029EACDD9007FEEA0 /* RatioContainer.swift in Sources */ = {isa = PBXBuildFile; fileRef = 7D21920F29EACDD9007FEEA0 /* RatioContainer.swift */; };
		7D21921229EADA69007FEEA0 /* SignupView.swift in Sources */ = {isa = PBXBuildFile; fileRef = 7D21921129EADA69007FEEA0 /* SignupView.swift */; };
		7D21921429EADA9F007FEEA0 /* PasswordLevel.swift in Sources */ = {isa = PBXBuildFile; fileRef = 7D21921329EADA9F007FEEA0 /* PasswordLevel.swift */; };
		7D21921629EADAD1007FEEA0 /* SecureLevelView.swift in Sources */ = {isa = PBXBuildFile; fileRef = 7D21921529EADAD1007FEEA0 /* SecureLevelView.swift */; };
		7D21921829EADB12007FEEA0 /* PasswordChecker.swift in Sources */ = {isa = PBXBuildFile; fileRef = 7D21921729EADB12007FEEA0 /* PasswordChecker.swift */; };
		7D21921A29EBCD07007FEEA0 /* ToggleVisiblePasswordView.swift in Sources */ = {isa = PBXBuildFile; fileRef = 7D21921929EBCD07007FEEA0 /* ToggleVisiblePasswordView.swift */; };
		7D21921E29EBF386007FEEA0 /* CustomSecureField.swift in Sources */ = {isa = PBXBuildFile; fileRef = 7D21921D29EBF386007FEEA0 /* CustomSecureField.swift */; };
		7D21922029EBF869007FEEA0 /* LoginModifier.swift in Sources */ = {isa = PBXBuildFile; fileRef = 7D21921F29EBF869007FEEA0 /* LoginModifier.swift */; };
		7D21922229EBF98E007FEEA0 /* CustomSecureField1.swift in Sources */ = {isa = PBXBuildFile; fileRef = 7D21922129EBF98E007FEEA0 /* CustomSecureField1.swift */; };
		7D21922529EC2D79007FEEA0 /* TextfieldLimitModifier.swift in Sources */ = {isa = PBXBuildFile; fileRef = 7D21922429EC2D79007FEEA0 /* TextfieldLimitModifier.swift */; };
/* End PBXBuildFile section */

/* Begin PBXContainerItemProxy section */
		7D21917329D839D5007FEEA0 /* PBXContainerItemProxy */ = {
			isa = PBXContainerItemProxy;
			containerPortal = 7D21915A29D839D4007FEEA0 /* Project object */;
			proxyType = 1;
			remoteGlobalIDString = 7D21916129D839D4007FEEA0;
			remoteInfo = SlidingNumbers;
		};
		7D21917D29D839D5007FEEA0 /* PBXContainerItemProxy */ = {
			isa = PBXContainerItemProxy;
			containerPortal = 7D21915A29D839D4007FEEA0 /* Project object */;
			proxyType = 1;
			remoteGlobalIDString = 7D21916129D839D4007FEEA0;
			remoteInfo = SlidingNumbers;
		};
/* End PBXContainerItemProxy section */

/* Begin PBXFileReference section */
		7D21916229D839D4007FEEA0 /* SlidingNumbers.app */ = {isa = PBXFileReference; explicitFileType = wrapper.application; includeInIndex = 0; path = SlidingNumbers.app; sourceTree = BUILT_PRODUCTS_DIR; };
		7D21916529D839D4007FEEA0 /* SlidingNumbersApp.swift */ = {isa = PBXFileReference; lastKnownFileType = sourcecode.swift; path = SlidingNumbersApp.swift; sourceTree = "<group>"; };
		7D21916929D839D5007FEEA0 /* Assets.xcassets */ = {isa = PBXFileReference; lastKnownFileType = folder.assetcatalog; path = Assets.xcassets; sourceTree = "<group>"; };
		7D21916C29D839D5007FEEA0 /* Preview Assets.xcassets */ = {isa = PBXFileReference; lastKnownFileType = folder.assetcatalog; path = "Preview Assets.xcassets"; sourceTree = "<group>"; };
		7D21917229D839D5007FEEA0 /* SlidingNumbersTests.xctest */ = {isa = PBXFileReference; explicitFileType = wrapper.cfbundle; includeInIndex = 0; path = SlidingNumbersTests.xctest; sourceTree = BUILT_PRODUCTS_DIR; };
		7D21917629D839D5007FEEA0 /* SlidingNumbersTests.swift */ = {isa = PBXFileReference; lastKnownFileType = sourcecode.swift; path = SlidingNumbersTests.swift; sourceTree = "<group>"; };
		7D21917C29D839D5007FEEA0 /* SlidingNumbersUITests.xctest */ = {isa = PBXFileReference; explicitFileType = wrapper.cfbundle; includeInIndex = 0; path = SlidingNumbersUITests.xctest; sourceTree = BUILT_PRODUCTS_DIR; };
		7D21918029D839D5007FEEA0 /* SlidingNumbersUITests.swift */ = {isa = PBXFileReference; lastKnownFileType = sourcecode.swift; path = SlidingNumbersUITests.swift; sourceTree = "<group>"; };
		7D21918229D839D5007FEEA0 /* SlidingNumbersUITestsLaunchTests.swift */ = {isa = PBXFileReference; lastKnownFileType = sourcecode.swift; path = SlidingNumbersUITestsLaunchTests.swift; sourceTree = "<group>"; };
		7D21919529D83D77007FEEA0 /* AppGlobal.swift */ = {isa = PBXFileReference; lastKnownFileType = sourcecode.swift; path = AppGlobal.swift; sourceTree = "<group>"; };
		7D21919D29D85A20007FEEA0 /* BoardCell.swift */ = {isa = PBXFileReference; lastKnownFileType = sourcecode.swift; path = BoardCell.swift; sourceTree = "<group>"; };
		7D2191A229D985CF007FEEA0 /* BoardView.swift */ = {isa = PBXFileReference; lastKnownFileType = sourcecode.swift; path = BoardView.swift; sourceTree = "<group>"; };
		7D2191A829DB4491007FEEA0 /* BoardMarker.swift */ = {isa = PBXFileReference; lastKnownFileType = sourcecode.swift; path = BoardMarker.swift; sourceTree = "<group>"; };
		7D2191AB29DC69B0007FEEA0 /* Direction.swift */ = {isa = PBXFileReference; lastKnownFileType = sourcecode.swift; path = Direction.swift; sourceTree = "<group>"; };
		7D2191B029DC8FE2007FEEA0 /* AppExtensions.swift */ = {isa = PBXFileReference; lastKnownFileType = sourcecode.swift; path = AppExtensions.swift; sourceTree = "<group>"; };
		7D2191B429DE0C8C007FEEA0 /* CellView.swift */ = {isa = PBXFileReference; lastKnownFileType = sourcecode.swift; path = CellView.swift; sourceTree = "<group>"; };
		7D2191B729DE1811007FEEA0 /* Dummy.swift */ = {isa = PBXFileReference; lastKnownFileType = sourcecode.swift; path = Dummy.swift; sourceTree = "<group>"; };
		7D2191BD29DF1CB3007FEEA0 /* BoardModel.swift */ = {isa = PBXFileReference; lastKnownFileType = sourcecode.swift; path = BoardModel.swift; sourceTree = "<group>"; };
		7D2191D329E5BA6B007FEEA0 /* DeviceRotationViewModifier.swift */ = {isa = PBXFileReference; lastKnownFileType = sourcecode.swift; path = DeviceRotationViewModifier.swift; sourceTree = "<group>"; };
		7D2191DD29E8582F007FEEA0 /* GameMenuView.swift */ = {isa = PBXFileReference; lastKnownFileType = sourcecode.swift; path = GameMenuView.swift; sourceTree = "<group>"; };
		7D2191E129E9BDFD007FEEA0 /* GoogleService-Info.plist */ = {isa = PBXFileReference; fileEncoding = 4; lastKnownFileType = text.plist.xml; path = "GoogleService-Info.plist"; sourceTree = "<group>"; };
		7D2191F029E9C755007FEEA0 /* LoginView.swift */ = {isa = PBXFileReference; lastKnownFileType = sourcecode.swift; path = LoginView.swift; sourceTree = "<group>"; };
		7D2191F629EA91EC007FEEA0 /* FirebaseAuth.swift */ = {isa = PBXFileReference; lastKnownFileType = sourcecode.swift; path = FirebaseAuth.swift; sourceTree = "<group>"; };
		7D2191F829EA9414007FEEA0 /* OptionalView.swift */ = {isa = PBXFileReference; lastKnownFileType = sourcecode.swift; path = OptionalView.swift; sourceTree = "<group>"; };
		7D2191FC29EA9B7D007FEEA0 /* ContentView.swift */ = {isa = PBXFileReference; lastKnownFileType = sourcecode.swift; path = ContentView.swift; sourceTree = "<group>"; };
		7D21920529EAA928007FEEA0 /* AppScene.swift */ = {isa = PBXFileReference; lastKnownFileType = sourcecode.swift; path = AppScene.swift; sourceTree = "<group>"; };
		7D21920F29EACDD9007FEEA0 /* RatioContainer.swift */ = {isa = PBXFileReference; lastKnownFileType = sourcecode.swift; path = RatioContainer.swift; sourceTree = "<group>"; };
		7D21921129EADA69007FEEA0 /* SignupView.swift */ = {isa = PBXFileReference; lastKnownFileType = sourcecode.swift; path = SignupView.swift; sourceTree = "<group>"; };
		7D21921329EADA9F007FEEA0 /* PasswordLevel.swift */ = {isa = PBXFileReference; lastKnownFileType = sourcecode.swift; path = PasswordLevel.swift; sourceTree = "<group>"; };
		7D21921529EADAD1007FEEA0 /* SecureLevelView.swift */ = {isa = PBXFileReference; lastKnownFileType = sourcecode.swift; path = SecureLevelView.swift; sourceTree = "<group>"; };
		7D21921729EADB12007FEEA0 /* PasswordChecker.swift */ = {isa = PBXFileReference; lastKnownFileType = sourcecode.swift; path = PasswordChecker.swift; sourceTree = "<group>"; };
		7D21921929EBCD07007FEEA0 /* ToggleVisiblePasswordView.swift */ = {isa = PBXFileReference; lastKnownFileType = sourcecode.swift; path = ToggleVisiblePasswordView.swift; sourceTree = "<group>"; };
		7D21921D29EBF386007FEEA0 /* CustomSecureField.swift */ = {isa = PBXFileReference; lastKnownFileType = sourcecode.swift; path = CustomSecureField.swift; sourceTree = "<group>"; };
		7D21921F29EBF869007FEEA0 /* LoginModifier.swift */ = {isa = PBXFileReference; lastKnownFileType = sourcecode.swift; path = LoginModifier.swift; sourceTree = "<group>"; };
		7D21922129EBF98E007FEEA0 /* CustomSecureField1.swift */ = {isa = PBXFileReference; lastKnownFileType = sourcecode.swift; path = CustomSecureField1.swift; sourceTree = "<group>"; };
		7D21922329EC0A23007FEEA0 /* Info.plist */ = {isa = PBXFileReference; lastKnownFileType = text.plist; path = Info.plist; sourceTree = "<group>"; };
		7D21922429EC2D79007FEEA0 /* TextfieldLimitModifier.swift */ = {isa = PBXFileReference; lastKnownFileType = sourcecode.swift; path = TextfieldLimitModifier.swift; sourceTree = "<group>"; };
/* End PBXFileReference section */

/* Begin PBXFrameworksBuildPhase section */
		7D21915F29D839D4007FEEA0 /* Frameworks */ = {
			isa = PBXFrameworksBuildPhase;
			buildActionMask = 2147483647;
			files = (
				7D2191ED29E9C1C5007FEEA0 /* FirebaseFirestoreSwift in Frameworks */,
				7D2191E929E9C1C5007FEEA0 /* FirebaseDatabaseSwift in Frameworks */,
				7D2191EB29E9C1C5007FEEA0 /* FirebaseFirestore in Frameworks */,
				7D2191E729E9C1C5007FEEA0 /* FirebaseDatabase in Frameworks */,
				7D2191E529E9C1C5007FEEA0 /* FirebaseAuth in Frameworks */,
				7D2191EF29E9C1C5007FEEA0 /* FirebaseStorage in Frameworks */,
			);
			runOnlyForDeploymentPostprocessing = 0;
		};
		7D21916F29D839D5007FEEA0 /* Frameworks */ = {
			isa = PBXFrameworksBuildPhase;
			buildActionMask = 2147483647;
			files = (
			);
			runOnlyForDeploymentPostprocessing = 0;
		};
		7D21917929D839D5007FEEA0 /* Frameworks */ = {
			isa = PBXFrameworksBuildPhase;
			buildActionMask = 2147483647;
			files = (
			);
			runOnlyForDeploymentPostprocessing = 0;
		};
/* End PBXFrameworksBuildPhase section */

/* Begin PBXGroup section */
		7D21915929D839D4007FEEA0 = {
			isa = PBXGroup;
			children = (
				7D21916429D839D4007FEEA0 /* SlidingNumbers */,
				7D21917529D839D5007FEEA0 /* SlidingNumbersTests */,
				7D21917F29D839D5007FEEA0 /* SlidingNumbersUITests */,
				7D21916329D839D4007FEEA0 /* Products */,
			);
			sourceTree = "<group>";
		};
		7D21916329D839D4007FEEA0 /* Products */ = {
			isa = PBXGroup;
			children = (
				7D21916229D839D4007FEEA0 /* SlidingNumbers.app */,
				7D21917229D839D5007FEEA0 /* SlidingNumbersTests.xctest */,
				7D21917C29D839D5007FEEA0 /* SlidingNumbersUITests.xctest */,
			);
			name = Products;
			sourceTree = "<group>";
		};
		7D21916429D839D4007FEEA0 /* SlidingNumbers */ = {
			isa = PBXGroup;
			children = (
				7D21922329EC0A23007FEEA0 /* Info.plist */,
				7D21920C29EAB8FF007FEEA0 /* Observable */,
				7D21920B29EAB8AE007FEEA0 /* Protocol */,
				7D21920A29EAB894007FEEA0 /* ViewModifier */,
				7D2191FE29EAA1D8007FEEA0 /* Scene */,
				7D2191B629DE1801007FEEA0 /* Class */,
				7D2191AF29DC8FCE007FEEA0 /* Extensions */,
				7D2191AA29DC699E007FEEA0 /* Enum */,
				7D21919429D83D63007FEEA0 /* Global */,
				7D21918F29D83BBC007FEEA0 /* View */,
				7D21916529D839D4007FEEA0 /* SlidingNumbersApp.swift */,
				7D2191E129E9BDFD007FEEA0 /* GoogleService-Info.plist */,
				7D21916929D839D5007FEEA0 /* Assets.xcassets */,
				7D21916B29D839D5007FEEA0 /* Preview Content */,
			);
			path = SlidingNumbers;
			sourceTree = "<group>";
		};
		7D21916B29D839D5007FEEA0 /* Preview Content */ = {
			isa = PBXGroup;
			children = (
				7D21916C29D839D5007FEEA0 /* Preview Assets.xcassets */,
			);
			path = "Preview Content";
			sourceTree = "<group>";
		};
		7D21917529D839D5007FEEA0 /* SlidingNumbersTests */ = {
			isa = PBXGroup;
			children = (
				7D21917629D839D5007FEEA0 /* SlidingNumbersTests.swift */,
			);
			path = SlidingNumbersTests;
			sourceTree = "<group>";
		};
		7D21917F29D839D5007FEEA0 /* SlidingNumbersUITests */ = {
			isa = PBXGroup;
			children = (
				7D21918029D839D5007FEEA0 /* SlidingNumbersUITests.swift */,
				7D21918229D839D5007FEEA0 /* SlidingNumbersUITestsLaunchTests.swift */,
			);
			path = SlidingNumbersUITests;
			sourceTree = "<group>";
		};
		7D21918F29D83BBC007FEEA0 /* View */ = {
			isa = PBXGroup;
			children = (
				7D21919D29D85A20007FEEA0 /* BoardCell.swift */,
				7D2191A229D985CF007FEEA0 /* BoardView.swift */,
				7D2191DD29E8582F007FEEA0 /* GameMenuView.swift */,
				7D2191F029E9C755007FEEA0 /* LoginView.swift */,
				7D2191FC29EA9B7D007FEEA0 /* ContentView.swift */,
				7D21921129EADA69007FEEA0 /* SignupView.swift */,
				7D21921529EADAD1007FEEA0 /* SecureLevelView.swift */,
			);
			path = View;
			sourceTree = "<group>";
		};
		7D21919429D83D63007FEEA0 /* Global */ = {
			isa = PBXGroup;
			children = (
				7D21919529D83D77007FEEA0 /* AppGlobal.swift */,
			);
			path = Global;
			sourceTree = "<group>";
		};
		7D2191AA29DC699E007FEEA0 /* Enum */ = {
			isa = PBXGroup;
			children = (
				7D2191AB29DC69B0007FEEA0 /* Direction.swift */,
				7D21921329EADA9F007FEEA0 /* PasswordLevel.swift */,
			);
			path = Enum;
			sourceTree = "<group>";
		};
		7D2191AF29DC8FCE007FEEA0 /* Extensions */ = {
			isa = PBXGroup;
			children = (
				7D2191B029DC8FE2007FEEA0 /* AppExtensions.swift */,
			);
			path = Extensions;
			sourceTree = "<group>";
		};
		7D2191B629DE1801007FEEA0 /* Class */ = {
			isa = PBXGroup;
			children = (
				7D2191B729DE1811007FEEA0 /* Dummy.swift */,
				7D2191A829DB4491007FEEA0 /* BoardMarker.swift */,
			);
			path = Class;
			sourceTree = "<group>";
		};
		7D2191FE29EAA1D8007FEEA0 /* Scene */ = {
			isa = PBXGroup;
			children = (
				7D21920529EAA928007FEEA0 /* AppScene.swift */,
			);
			path = Scene;
			sourceTree = "<group>";
		};
		7D21920A29EAB894007FEEA0 /* ViewModifier */ = {
			isa = PBXGroup;
			children = (
				7D2191D329E5BA6B007FEEA0 /* DeviceRotationViewModifier.swift */,
				7D21920F29EACDD9007FEEA0 /* RatioContainer.swift */,
				7D21921929EBCD07007FEEA0 /* ToggleVisiblePasswordView.swift */,
				7D21921D29EBF386007FEEA0 /* CustomSecureField.swift */,
				7D21921F29EBF869007FEEA0 /* LoginModifier.swift */,
				7D21922129EBF98E007FEEA0 /* CustomSecureField1.swift */,
				7D21922429EC2D79007FEEA0 /* TextfieldLimitModifier.swift */,
			);
			path = ViewModifier;
			sourceTree = "<group>";
		};
		7D21920B29EAB8AE007FEEA0 /* Protocol */ = {
			isa = PBXGroup;
			children = (
				7D2191F829EA9414007FEEA0 /* OptionalView.swift */,
				7D2191B429DE0C8C007FEEA0 /* CellView.swift */,
			);
			path = Protocol;
			sourceTree = "<group>";
		};
		7D21920C29EAB8FF007FEEA0 /* Observable */ = {
			isa = PBXGroup;
			children = (
				7D2191BD29DF1CB3007FEEA0 /* BoardModel.swift */,
				7D2191F629EA91EC007FEEA0 /* FirebaseAuth.swift */,
				7D21921729EADB12007FEEA0 /* PasswordChecker.swift */,
			);
			path = Observable;
			sourceTree = "<group>";
		};
/* End PBXGroup section */

/* Begin PBXNativeTarget section */
		7D21916129D839D4007FEEA0 /* SlidingNumbers */ = {
			isa = PBXNativeTarget;
			buildConfigurationList = 7D21918629D839D5007FEEA0 /* Build configuration list for PBXNativeTarget "SlidingNumbers" */;
			buildPhases = (
				7D21915E29D839D4007FEEA0 /* Sources */,
				7D21915F29D839D4007FEEA0 /* Frameworks */,
				7D21916029D839D4007FEEA0 /* Resources */,
			);
			buildRules = (
			);
			dependencies = (
			);
			name = SlidingNumbers;
			packageProductDependencies = (
				7D2191E429E9C1C5007FEEA0 /* FirebaseAuth */,
				7D2191E629E9C1C5007FEEA0 /* FirebaseDatabase */,
				7D2191E829E9C1C5007FEEA0 /* FirebaseDatabaseSwift */,
				7D2191EA29E9C1C5007FEEA0 /* FirebaseFirestore */,
				7D2191EC29E9C1C5007FEEA0 /* FirebaseFirestoreSwift */,
				7D2191EE29E9C1C5007FEEA0 /* FirebaseStorage */,
			);
			productName = SlidingNumbers;
			productReference = 7D21916229D839D4007FEEA0 /* SlidingNumbers.app */;
			productType = "com.apple.product-type.application";
		};
		7D21917129D839D5007FEEA0 /* SlidingNumbersTests */ = {
			isa = PBXNativeTarget;
			buildConfigurationList = 7D21918929D839D5007FEEA0 /* Build configuration list for PBXNativeTarget "SlidingNumbersTests" */;
			buildPhases = (
				7D21916E29D839D5007FEEA0 /* Sources */,
				7D21916F29D839D5007FEEA0 /* Frameworks */,
				7D21917029D839D5007FEEA0 /* Resources */,
			);
			buildRules = (
			);
			dependencies = (
				7D21917429D839D5007FEEA0 /* PBXTargetDependency */,
			);
			name = SlidingNumbersTests;
			productName = SlidingNumbersTests;
			productReference = 7D21917229D839D5007FEEA0 /* SlidingNumbersTests.xctest */;
			productType = "com.apple.product-type.bundle.unit-test";
		};
		7D21917B29D839D5007FEEA0 /* SlidingNumbersUITests */ = {
			isa = PBXNativeTarget;
			buildConfigurationList = 7D21918C29D839D5007FEEA0 /* Build configuration list for PBXNativeTarget "SlidingNumbersUITests" */;
			buildPhases = (
				7D21917829D839D5007FEEA0 /* Sources */,
				7D21917929D839D5007FEEA0 /* Frameworks */,
				7D21917A29D839D5007FEEA0 /* Resources */,
			);
			buildRules = (
			);
			dependencies = (
				7D21917E29D839D5007FEEA0 /* PBXTargetDependency */,
			);
			name = SlidingNumbersUITests;
			productName = SlidingNumbersUITests;
			productReference = 7D21917C29D839D5007FEEA0 /* SlidingNumbersUITests.xctest */;
			productType = "com.apple.product-type.bundle.ui-testing";
		};
/* End PBXNativeTarget section */

/* Begin PBXProject section */
		7D21915A29D839D4007FEEA0 /* Project object */ = {
			isa = PBXProject;
			attributes = {
				BuildIndependentTargetsInParallel = 1;
				LastSwiftUpdateCheck = 1420;
				LastUpgradeCheck = 1420;
				TargetAttributes = {
					7D21916129D839D4007FEEA0 = {
						CreatedOnToolsVersion = 14.2;
					};
					7D21917129D839D5007FEEA0 = {
						CreatedOnToolsVersion = 14.2;
						TestTargetID = 7D21916129D839D4007FEEA0;
					};
					7D21917B29D839D5007FEEA0 = {
						CreatedOnToolsVersion = 14.2;
						TestTargetID = 7D21916129D839D4007FEEA0;
					};
				};
			};
			buildConfigurationList = 7D21915D29D839D4007FEEA0 /* Build configuration list for PBXProject "SlidingNumbers" */;
			compatibilityVersion = "Xcode 14.0";
			developmentRegion = en;
			hasScannedForEncodings = 0;
			knownRegions = (
				en,
				Base,
			);
			mainGroup = 7D21915929D839D4007FEEA0;
			packageReferences = (
				7D2191E329E9C1C5007FEEA0 /* XCRemoteSwiftPackageReference "firebase-ios-sdk" */,
			);
			productRefGroup = 7D21916329D839D4007FEEA0 /* Products */;
			projectDirPath = "";
			projectRoot = "";
			targets = (
				7D21916129D839D4007FEEA0 /* SlidingNumbers */,
				7D21917129D839D5007FEEA0 /* SlidingNumbersTests */,
				7D21917B29D839D5007FEEA0 /* SlidingNumbersUITests */,
			);
		};
/* End PBXProject section */

/* Begin PBXResourcesBuildPhase section */
		7D21916029D839D4007FEEA0 /* Resources */ = {
			isa = PBXResourcesBuildPhase;
			buildActionMask = 2147483647;
			files = (
				7D21916D29D839D5007FEEA0 /* Preview Assets.xcassets in Resources */,
				7D21916A29D839D5007FEEA0 /* Assets.xcassets in Resources */,
				7D2191E229E9BDFD007FEEA0 /* GoogleService-Info.plist in Resources */,
			);
			runOnlyForDeploymentPostprocessing = 0;
		};
		7D21917029D839D5007FEEA0 /* Resources */ = {
			isa = PBXResourcesBuildPhase;
			buildActionMask = 2147483647;
			files = (
			);
			runOnlyForDeploymentPostprocessing = 0;
		};
		7D21917A29D839D5007FEEA0 /* Resources */ = {
			isa = PBXResourcesBuildPhase;
			buildActionMask = 2147483647;
			files = (
			);
			runOnlyForDeploymentPostprocessing = 0;
		};
/* End PBXResourcesBuildPhase section */

/* Begin PBXSourcesBuildPhase section */
		7D21915E29D839D4007FEEA0 /* Sources */ = {
			isa = PBXSourcesBuildPhase;
			buildActionMask = 2147483647;
			files = (
				7D21922229EBF98E007FEEA0 /* CustomSecureField1.swift in Sources */,
				7D21921229EADA69007FEEA0 /* SignupView.swift in Sources */,
				7D2191F729EA91EC007FEEA0 /* FirebaseAuth.swift in Sources */,
				7D2191A329D985CF007FEEA0 /* BoardView.swift in Sources */,
				7D2191FD29EA9B7D007FEEA0 /* ContentView.swift in Sources */,
				7D21921829EADB12007FEEA0 /* PasswordChecker.swift in Sources */,
				7D21916629D839D4007FEEA0 /* SlidingNumbersApp.swift in Sources */,
				7D21921429EADA9F007FEEA0 /* PasswordLevel.swift in Sources */,
				7D21922029EBF869007FEEA0 /* LoginModifier.swift in Sources */,
				7D21921A29EBCD07007FEEA0 /* ToggleVisiblePasswordView.swift in Sources */,
				7D2191D429E5BA6B007FEEA0 /* DeviceRotationViewModifier.swift in Sources */,
				7D21920629EAA928007FEEA0 /* AppScene.swift in Sources */,
				7D2191B129DC8FE2007FEEA0 /* AppExtensions.swift in Sources */,
				7D21921029EACDD9007FEEA0 /* RatioContainer.swift in Sources */,
				7D21919E29D85A20007FEEA0 /* BoardCell.swift in Sources */,
				7D2191B529DE0C8C007FEEA0 /* CellView.swift in Sources */,
				7D21921629EADAD1007FEEA0 /* SecureLevelView.swift in Sources */,
				7D2191DE29E8582F007FEEA0 /* GameMenuView.swift in Sources */,
				7D2191F129E9C755007FEEA0 /* LoginView.swift in Sources */,
				7D2191A929DB4491007FEEA0 /* BoardMarker.swift in Sources */,
				7D21922529EC2D79007FEEA0 /* TextfieldLimitModifier.swift in Sources */,
				7D21919629D83D77007FEEA0 /* AppGlobal.swift in Sources */,
				7D2191B829DE1811007FEEA0 /* Dummy.swift in Sources */,
				7D2191BE29DF1CB3007FEEA0 /* BoardModel.swift in Sources */,
				7D21921E29EBF386007FEEA0 /* CustomSecureField.swift in Sources */,
				7D2191F929EA9414007FEEA0 /* OptionalView.swift in Sources */,
				7D2191AC29DC69B0007FEEA0 /* Direction.swift in Sources */,
			);
			runOnlyForDeploymentPostprocessing = 0;
		};
		7D21916E29D839D5007FEEA0 /* Sources */ = {
			isa = PBXSourcesBuildPhase;
			buildActionMask = 2147483647;
			files = (
				7D21917729D839D5007FEEA0 /* SlidingNumbersTests.swift in Sources */,
			);
			runOnlyForDeploymentPostprocessing = 0;
		};
		7D21917829D839D5007FEEA0 /* Sources */ = {
			isa = PBXSourcesBuildPhase;
			buildActionMask = 2147483647;
			files = (
				7D21918329D839D5007FEEA0 /* SlidingNumbersUITestsLaunchTests.swift in Sources */,
				7D21918129D839D5007FEEA0 /* SlidingNumbersUITests.swift in Sources */,
			);
			runOnlyForDeploymentPostprocessing = 0;
		};
/* End PBXSourcesBuildPhase section */

/* Begin PBXTargetDependency section */
		7D21917429D839D5007FEEA0 /* PBXTargetDependency */ = {
			isa = PBXTargetDependency;
			target = 7D21916129D839D4007FEEA0 /* SlidingNumbers */;
			targetProxy = 7D21917329D839D5007FEEA0 /* PBXContainerItemProxy */;
		};
		7D21917E29D839D5007FEEA0 /* PBXTargetDependency */ = {
			isa = PBXTargetDependency;
			target = 7D21916129D839D4007FEEA0 /* SlidingNumbers */;
			targetProxy = 7D21917D29D839D5007FEEA0 /* PBXContainerItemProxy */;
		};
/* End PBXTargetDependency section */

/* Begin XCBuildConfiguration section */
		7D21918429D839D5007FEEA0 /* Debug */ = {
			isa = XCBuildConfiguration;
			buildSettings = {
				ALWAYS_SEARCH_USER_PATHS = NO;
				CLANG_ANALYZER_NONNULL = YES;
				CLANG_ANALYZER_NUMBER_OBJECT_CONVERSION = YES_AGGRESSIVE;
				CLANG_CXX_LANGUAGE_STANDARD = "gnu++20";
				CLANG_ENABLE_MODULES = YES;
				CLANG_ENABLE_OBJC_ARC = YES;
				CLANG_ENABLE_OBJC_WEAK = YES;
				CLANG_WARN_BLOCK_CAPTURE_AUTORELEASING = YES;
				CLANG_WARN_BOOL_CONVERSION = YES;
				CLANG_WARN_COMMA = YES;
				CLANG_WARN_CONSTANT_CONVERSION = YES;
				CLANG_WARN_DEPRECATED_OBJC_IMPLEMENTATIONS = YES;
				CLANG_WARN_DIRECT_OBJC_ISA_USAGE = YES_ERROR;
				CLANG_WARN_DOCUMENTATION_COMMENTS = YES;
				CLANG_WARN_EMPTY_BODY = YES;
				CLANG_WARN_ENUM_CONVERSION = YES;
				CLANG_WARN_INFINITE_RECURSION = YES;
				CLANG_WARN_INT_CONVERSION = YES;
				CLANG_WARN_NON_LITERAL_NULL_CONVERSION = YES;
				CLANG_WARN_OBJC_IMPLICIT_RETAIN_SELF = YES;
				CLANG_WARN_OBJC_LITERAL_CONVERSION = YES;
				CLANG_WARN_OBJC_ROOT_CLASS = YES_ERROR;
				CLANG_WARN_QUOTED_INCLUDE_IN_FRAMEWORK_HEADER = YES;
				CLANG_WARN_RANGE_LOOP_ANALYSIS = YES;
				CLANG_WARN_STRICT_PROTOTYPES = YES;
				CLANG_WARN_SUSPICIOUS_MOVE = YES;
				CLANG_WARN_UNGUARDED_AVAILABILITY = YES_AGGRESSIVE;
				CLANG_WARN_UNREACHABLE_CODE = YES;
				CLANG_WARN__DUPLICATE_METHOD_MATCH = YES;
				COPY_PHASE_STRIP = NO;
				DEBUG_INFORMATION_FORMAT = dwarf;
				ENABLE_STRICT_OBJC_MSGSEND = YES;
				ENABLE_TESTABILITY = YES;
				GCC_C_LANGUAGE_STANDARD = gnu11;
				GCC_DYNAMIC_NO_PIC = NO;
				GCC_NO_COMMON_BLOCKS = YES;
				GCC_OPTIMIZATION_LEVEL = 0;
				GCC_PREPROCESSOR_DEFINITIONS = (
					"DEBUG=1",
					"$(inherited)",
				);
				GCC_WARN_64_TO_32_BIT_CONVERSION = YES;
				GCC_WARN_ABOUT_RETURN_TYPE = YES_ERROR;
				GCC_WARN_UNDECLARED_SELECTOR = YES;
				GCC_WARN_UNINITIALIZED_AUTOS = YES_AGGRESSIVE;
				GCC_WARN_UNUSED_FUNCTION = YES;
				GCC_WARN_UNUSED_VARIABLE = YES;
				IPHONEOS_DEPLOYMENT_TARGET = 16.2;
				MTL_ENABLE_DEBUG_INFO = INCLUDE_SOURCE;
				MTL_FAST_MATH = YES;
				ONLY_ACTIVE_ARCH = YES;
				SDKROOT = iphoneos;
				SWIFT_ACTIVE_COMPILATION_CONDITIONS = DEBUG;
				SWIFT_OPTIMIZATION_LEVEL = "-Onone";
			};
			name = Debug;
		};
		7D21918529D839D5007FEEA0 /* Release */ = {
			isa = XCBuildConfiguration;
			buildSettings = {
				ALWAYS_SEARCH_USER_PATHS = NO;
				CLANG_ANALYZER_NONNULL = YES;
				CLANG_ANALYZER_NUMBER_OBJECT_CONVERSION = YES_AGGRESSIVE;
				CLANG_CXX_LANGUAGE_STANDARD = "gnu++20";
				CLANG_ENABLE_MODULES = YES;
				CLANG_ENABLE_OBJC_ARC = YES;
				CLANG_ENABLE_OBJC_WEAK = YES;
				CLANG_WARN_BLOCK_CAPTURE_AUTORELEASING = YES;
				CLANG_WARN_BOOL_CONVERSION = YES;
				CLANG_WARN_COMMA = YES;
				CLANG_WARN_CONSTANT_CONVERSION = YES;
				CLANG_WARN_DEPRECATED_OBJC_IMPLEMENTATIONS = YES;
				CLANG_WARN_DIRECT_OBJC_ISA_USAGE = YES_ERROR;
				CLANG_WARN_DOCUMENTATION_COMMENTS = YES;
				CLANG_WARN_EMPTY_BODY = YES;
				CLANG_WARN_ENUM_CONVERSION = YES;
				CLANG_WARN_INFINITE_RECURSION = YES;
				CLANG_WARN_INT_CONVERSION = YES;
				CLANG_WARN_NON_LITERAL_NULL_CONVERSION = YES;
				CLANG_WARN_OBJC_IMPLICIT_RETAIN_SELF = YES;
				CLANG_WARN_OBJC_LITERAL_CONVERSION = YES;
				CLANG_WARN_OBJC_ROOT_CLASS = YES_ERROR;
				CLANG_WARN_QUOTED_INCLUDE_IN_FRAMEWORK_HEADER = YES;
				CLANG_WARN_RANGE_LOOP_ANALYSIS = YES;
				CLANG_WARN_STRICT_PROTOTYPES = YES;
				CLANG_WARN_SUSPICIOUS_MOVE = YES;
				CLANG_WARN_UNGUARDED_AVAILABILITY = YES_AGGRESSIVE;
				CLANG_WARN_UNREACHABLE_CODE = YES;
				CLANG_WARN__DUPLICATE_METHOD_MATCH = YES;
				COPY_PHASE_STRIP = NO;
				DEBUG_INFORMATION_FORMAT = "dwarf-with-dsym";
				ENABLE_NS_ASSERTIONS = NO;
				ENABLE_STRICT_OBJC_MSGSEND = YES;
				GCC_C_LANGUAGE_STANDARD = gnu11;
				GCC_NO_COMMON_BLOCKS = YES;
				GCC_WARN_64_TO_32_BIT_CONVERSION = YES;
				GCC_WARN_ABOUT_RETURN_TYPE = YES_ERROR;
				GCC_WARN_UNDECLARED_SELECTOR = YES;
				GCC_WARN_UNINITIALIZED_AUTOS = YES_AGGRESSIVE;
				GCC_WARN_UNUSED_FUNCTION = YES;
				GCC_WARN_UNUSED_VARIABLE = YES;
				IPHONEOS_DEPLOYMENT_TARGET = 16.2;
				MTL_ENABLE_DEBUG_INFO = NO;
				MTL_FAST_MATH = YES;
				SDKROOT = iphoneos;
				SWIFT_COMPILATION_MODE = wholemodule;
				SWIFT_OPTIMIZATION_LEVEL = "-O";
				VALIDATE_PRODUCT = YES;
			};
			name = Release;
		};
		7D21918729D839D5007FEEA0 /* Debug */ = {
			isa = XCBuildConfiguration;
			buildSettings = {
				ASSETCATALOG_COMPILER_APPICON_NAME = AppIcon;
				ASSETCATALOG_COMPILER_GLOBAL_ACCENT_COLOR_NAME = AccentColor;
				CODE_SIGN_STYLE = Automatic;
				CURRENT_PROJECT_VERSION = 1;
				DEVELOPMENT_ASSET_PATHS = "\"SlidingNumbers/Preview Content\"";
				DEVELOPMENT_TEAM = 46XS2RD832;
				ENABLE_PREVIEWS = YES;
				GENERATE_INFOPLIST_FILE = YES;
				INFOPLIST_FILE = SlidingNumbers/Info.plist;
				INFOPLIST_KEY_UIApplicationSupportsIndirectInputEvents = YES;
				INFOPLIST_KEY_UILaunchScreen_Generation = YES;
				INFOPLIST_KEY_UIStatusBarStyle = UIStatusBarStyleDarkContent;
				INFOPLIST_KEY_UISupportedInterfaceOrientations = "UIInterfaceOrientationLandscapeLeft UIInterfaceOrientationLandscapeRight UIInterfaceOrientationPortrait UIInterfaceOrientationPortraitUpsideDown";
				LD_RUNPATH_SEARCH_PATHS = (
					"$(inherited)",
					"@executable_path/Frameworks",
				);
				MARKETING_VERSION = 1.0;
				PRODUCT_BUNDLE_IDENTIFIER = com.sumpen99.SlidingNumbers;
				PRODUCT_NAME = "$(TARGET_NAME)";
				SWIFT_EMIT_LOC_STRINGS = YES;
				SWIFT_VERSION = 5.0;
				TARGETED_DEVICE_FAMILY = "1,2";
			};
			name = Debug;
		};
		7D21918829D839D5007FEEA0 /* Release */ = {
			isa = XCBuildConfiguration;
			buildSettings = {
				ASSETCATALOG_COMPILER_APPICON_NAME = AppIcon;
				ASSETCATALOG_COMPILER_GLOBAL_ACCENT_COLOR_NAME = AccentColor;
				CODE_SIGN_STYLE = Automatic;
				CURRENT_PROJECT_VERSION = 1;
				DEVELOPMENT_ASSET_PATHS = "\"SlidingNumbers/Preview Content\"";
				DEVELOPMENT_TEAM = 46XS2RD832;
				ENABLE_PREVIEWS = YES;
				GENERATE_INFOPLIST_FILE = YES;
				INFOPLIST_FILE = SlidingNumbers/Info.plist;
				INFOPLIST_KEY_UIApplicationSupportsIndirectInputEvents = YES;
				INFOPLIST_KEY_UILaunchScreen_Generation = YES;
				INFOPLIST_KEY_UIStatusBarStyle = UIStatusBarStyleDarkContent;
				INFOPLIST_KEY_UISupportedInterfaceOrientations = "UIInterfaceOrientationLandscapeLeft UIInterfaceOrientationLandscapeRight UIInterfaceOrientationPortrait UIInterfaceOrientationPortraitUpsideDown";
				LD_RUNPATH_SEARCH_PATHS = (
					"$(inherited)",
					"@executable_path/Frameworks",
				);
				MARKETING_VERSION = 1.0;
				PRODUCT_BUNDLE_IDENTIFIER = com.sumpen99.SlidingNumbers;
				PRODUCT_NAME = "$(TARGET_NAME)";
				SWIFT_EMIT_LOC_STRINGS = YES;
				SWIFT_VERSION = 5.0;
				TARGETED_DEVICE_FAMILY = "1,2";
			};
			name = Release;
		};
		7D21918A29D839D5007FEEA0 /* Debug */ = {
			isa = XCBuildConfiguration;
			buildSettings = {
				ALWAYS_EMBED_SWIFT_STANDARD_LIBRARIES = YES;
				BUNDLE_LOADER = "$(TEST_HOST)";
				CODE_SIGN_STYLE = Automatic;
				CURRENT_PROJECT_VERSION = 1;
				DEVELOPMENT_TEAM = 46XS2RD832;
				GENERATE_INFOPLIST_FILE = YES;
				IPHONEOS_DEPLOYMENT_TARGET = 16.2;
				MARKETING_VERSION = 1.0;
				PRODUCT_BUNDLE_IDENTIFIER = com.sumpen99.SlidingNumbersTests;
				PRODUCT_NAME = "$(TARGET_NAME)";
				SWIFT_EMIT_LOC_STRINGS = NO;
				SWIFT_VERSION = 5.0;
				TARGETED_DEVICE_FAMILY = "1,2";
				TEST_HOST = "$(BUILT_PRODUCTS_DIR)/SlidingNumbers.app/$(BUNDLE_EXECUTABLE_FOLDER_PATH)/SlidingNumbers";
			};
			name = Debug;
		};
		7D21918B29D839D5007FEEA0 /* Release */ = {
			isa = XCBuildConfiguration;
			buildSettings = {
				ALWAYS_EMBED_SWIFT_STANDARD_LIBRARIES = YES;
				BUNDLE_LOADER = "$(TEST_HOST)";
				CODE_SIGN_STYLE = Automatic;
				CURRENT_PROJECT_VERSION = 1;
				DEVELOPMENT_TEAM = 46XS2RD832;
				GENERATE_INFOPLIST_FILE = YES;
				IPHONEOS_DEPLOYMENT_TARGET = 16.2;
				MARKETING_VERSION = 1.0;
				PRODUCT_BUNDLE_IDENTIFIER = com.sumpen99.SlidingNumbersTests;
				PRODUCT_NAME = "$(TARGET_NAME)";
				SWIFT_EMIT_LOC_STRINGS = NO;
				SWIFT_VERSION = 5.0;
				TARGETED_DEVICE_FAMILY = "1,2";
				TEST_HOST = "$(BUILT_PRODUCTS_DIR)/SlidingNumbers.app/$(BUNDLE_EXECUTABLE_FOLDER_PATH)/SlidingNumbers";
			};
			name = Release;
		};
		7D21918D29D839D5007FEEA0 /* Debug */ = {
			isa = XCBuildConfiguration;
			buildSettings = {
				ALWAYS_EMBED_SWIFT_STANDARD_LIBRARIES = YES;
				CODE_SIGN_STYLE = Automatic;
				CURRENT_PROJECT_VERSION = 1;
				DEVELOPMENT_TEAM = 46XS2RD832;
				GENERATE_INFOPLIST_FILE = YES;
				MARKETING_VERSION = 1.0;
				PRODUCT_BUNDLE_IDENTIFIER = com.sumpen99.SlidingNumbersUITests;
				PRODUCT_NAME = "$(TARGET_NAME)";
				SWIFT_EMIT_LOC_STRINGS = NO;
				SWIFT_VERSION = 5.0;
				TARGETED_DEVICE_FAMILY = "1,2";
				TEST_TARGET_NAME = SlidingNumbers;
			};
			name = Debug;
		};
		7D21918E29D839D5007FEEA0 /* Release */ = {
			isa = XCBuildConfiguration;
			buildSettings = {
				ALWAYS_EMBED_SWIFT_STANDARD_LIBRARIES = YES;
				CODE_SIGN_STYLE = Automatic;
				CURRENT_PROJECT_VERSION = 1;
				DEVELOPMENT_TEAM = 46XS2RD832;
				GENERATE_INFOPLIST_FILE = YES;
				MARKETING_VERSION = 1.0;
				PRODUCT_BUNDLE_IDENTIFIER = com.sumpen99.SlidingNumbersUITests;
				PRODUCT_NAME = "$(TARGET_NAME)";
				SWIFT_EMIT_LOC_STRINGS = NO;
				SWIFT_VERSION = 5.0;
				TARGETED_DEVICE_FAMILY = "1,2";
				TEST_TARGET_NAME = SlidingNumbers;
			};
			name = Release;
		};
/* End XCBuildConfiguration section */

/* Begin XCConfigurationList section */
		7D21915D29D839D4007FEEA0 /* Build configuration list for PBXProject "SlidingNumbers" */ = {
			isa = XCConfigurationList;
			buildConfigurations = (
				7D21918429D839D5007FEEA0 /* Debug */,
				7D21918529D839D5007FEEA0 /* Release */,
			);
			defaultConfigurationIsVisible = 0;
			defaultConfigurationName = Release;
		};
		7D21918629D839D5007FEEA0 /* Build configuration list for PBXNativeTarget "SlidingNumbers" */ = {
			isa = XCConfigurationList;
			buildConfigurations = (
				7D21918729D839D5007FEEA0 /* Debug */,
				7D21918829D839D5007FEEA0 /* Release */,
			);
			defaultConfigurationIsVisible = 0;
			defaultConfigurationName = Release;
		};
		7D21918929D839D5007FEEA0 /* Build configuration list for PBXNativeTarget "SlidingNumbersTests" */ = {
			isa = XCConfigurationList;
			buildConfigurations = (
				7D21918A29D839D5007FEEA0 /* Debug */,
				7D21918B29D839D5007FEEA0 /* Release */,
			);
			defaultConfigurationIsVisible = 0;
			defaultConfigurationName = Release;
		};
		7D21918C29D839D5007FEEA0 /* Build configuration list for PBXNativeTarget "SlidingNumbersUITests" */ = {
			isa = XCConfigurationList;
			buildConfigurations = (
				7D21918D29D839D5007FEEA0 /* Debug */,
				7D21918E29D839D5007FEEA0 /* Release */,
			);
			defaultConfigurationIsVisible = 0;
			defaultConfigurationName = Release;
		};
/* End XCConfigurationList section */

/* Begin XCRemoteSwiftPackageReference section */
		7D2191E329E9C1C5007FEEA0 /* XCRemoteSwiftPackageReference "firebase-ios-sdk" */ = {
			isa = XCRemoteSwiftPackageReference;
			repositoryURL = "https://github.com/firebase/firebase-ios-sdk";
			requirement = {
				kind = upToNextMajorVersion;
				minimumVersion = 9.0.0;
			};
		};
/* End XCRemoteSwiftPackageReference section */

/* Begin XCSwiftPackageProductDependency section */
		7D2191E429E9C1C5007FEEA0 /* FirebaseAuth */ = {
			isa = XCSwiftPackageProductDependency;
			package = 7D2191E329E9C1C5007FEEA0 /* XCRemoteSwiftPackageReference "firebase-ios-sdk" */;
			productName = FirebaseAuth;
		};
		7D2191E629E9C1C5007FEEA0 /* FirebaseDatabase */ = {
			isa = XCSwiftPackageProductDependency;
			package = 7D2191E329E9C1C5007FEEA0 /* XCRemoteSwiftPackageReference "firebase-ios-sdk" */;
			productName = FirebaseDatabase;
		};
		7D2191E829E9C1C5007FEEA0 /* FirebaseDatabaseSwift */ = {
			isa = XCSwiftPackageProductDependency;
			package = 7D2191E329E9C1C5007FEEA0 /* XCRemoteSwiftPackageReference "firebase-ios-sdk" */;
			productName = FirebaseDatabaseSwift;
		};
		7D2191EA29E9C1C5007FEEA0 /* FirebaseFirestore */ = {
			isa = XCSwiftPackageProductDependency;
			package = 7D2191E329E9C1C5007FEEA0 /* XCRemoteSwiftPackageReference "firebase-ios-sdk" */;
			productName = FirebaseFirestore;
		};
		7D2191EC29E9C1C5007FEEA0 /* FirebaseFirestoreSwift */ = {
			isa = XCSwiftPackageProductDependency;
			package = 7D2191E329E9C1C5007FEEA0 /* XCRemoteSwiftPackageReference "firebase-ios-sdk" */;
			productName = FirebaseFirestoreSwift;
		};
		7D2191EE29E9C1C5007FEEA0 /* FirebaseStorage */ = {
			isa = XCSwiftPackageProductDependency;
			package = 7D2191E329E9C1C5007FEEA0 /* XCRemoteSwiftPackageReference "firebase-ios-sdk" */;
			productName = FirebaseStorage;
		};
/* End XCSwiftPackageProductDependency section */
	};
	rootObject = 7D21915A29D839D4007FEEA0 /* Project object */;
}
